
Microsoft Visual Studio Solution File, Format Version 12.00
# Visual Studio 15
VisualStudioVersion = 15.0.28010.2026
MinimumVisualStudioVersion = 10.0.40219.1
Project("{FAE04EC0-301F-11D3-BF4B-00C04F79EFBC}") = "MainApp", "MainApp\MainApp.csproj", "{8D1C0732-C314-4DCC-9E59-C33870C3BE54}"
EndProject
Global
	GlobalSection(SolutionConfigurationPlatforms) = preSolution
		Debug|Any CPU = Debug|Any CPU
		Release|Any CPU = Release|Any CPU
	EndGlobalSection
	GlobalSection(ProjectConfigurationPlatforms) = postSolution
		{8D1C0732-C314-4DCC-9E59-C33870C3BE54}.Debug|Any CPU.ActiveCfg = Debug|Any CPU
		{8D1C0732-C314-4DCC-9E59-C33870C3BE54}.Debug|Any CPU.Build.0 = Debug|Any CPU
		{8D1C0732-C314-4DCC-9E59-C33870C3BE54}.Release|Any CPU.ActiveCfg = Release|Any CPU
		{8D1C0732-C314-4DCC-9E59-C33870C3BE54}.Release|Any CPU.Build.0 = Release|Any CPU
	EndGlobalSection
	GlobalSection(SolutionProperties) = preSolution
		HideSolutionNode = FALSE
	EndGlobalSection
	GlobalSection(ExtensibilityGlobals) = postSolution
		SolutionGuid = {7DB0E864-4530-422E-A6CF-DDBE91857D7E}
	EndGlobalSection
EndGlobal
